
Microsoft Visual Studio Solution File, Format Version 12.00
# Visual Studio 14
VisualStudioVersion = 14.0.25420.1
MinimumVisualStudioVersion = 10.0.40219.1
Project("{FAE04EC0-301F-11D3-BF4B-00C04F79EFBC}") = "TDE_TEC_PROG_ll", "TDE_TEC_PROG_ll\TDE_TEC_PROG_ll.csproj", "{5D62759C-FA12-4433-9F75-4432ED385F02}"
EndProject
Global
	GlobalSection(SolutionConfigurationPlatforms) = preSolution
		Debug|Any CPU = Debug|Any CPU
		Release|Any CPU = Release|Any CPU
	EndGlobalSection
	GlobalSection(ProjectConfigurationPlatforms) = postSolution
		{5D62759C-FA12-4433-9F75-4432ED385F02}.Debug|Any CPU.ActiveCfg = Debug|Any CPU
		{5D62759C-FA12-4433-9F75-4432ED385F02}.Debug|Any CPU.Build.0 = Debug|Any CPU
		{5D62759C-FA12-4433-9F75-4432ED385F02}.Release|Any CPU.ActiveCfg = Release|Any CPU
		{5D62759C-FA12-4433-9F75-4432ED385F02}.Release|Any CPU.Build.0 = Release|Any CPU
	EndGlobalSection
	GlobalSection(SolutionProperties) = preSolution
		HideSolutionNode = FALSE
	EndGlobalSection
EndGlobal
